# @generated by Move, please check-in and do not edit manually.

[move]
version = 3
manifest_digest = "D3B580CDB07E001803B02A0DE0ACBEC655370F875352ABD244C537D744FBADA8"
deps_digest = "F8BBB0CCB2491CA29A3DF03D6F92277A4F3574266507ACD77214D37ECA3F3082"
dependencies = [
  { id = "Sui", name = "Sui" },
]

[[move.package]]
id = "MoveStdlib"
source = { git = "https://github.com/MystenLabs/sui.git", rev = "framework/testnet", subdir = "crates/sui-framework/packages/move-stdlib" }

[[move.package]]
id = "Sui"
source = { git = "https://github.com/MystenLabs/sui.git", rev = "framework/testnet", subdir = "crates/sui-framework/packages/sui-framework" }

dependencies = [
  { id = "MoveStdlib", name = "MoveStdlib" },
]

[move.toolchain-version]
compiler-version = "1.40.1"
edition = "2024.beta"
flavor = "sui"

[env]

[env.testnet]
chain-id = "4c78adac"
original-published-id = "0x30ac9d7fcbdac5161871afa6a95c96a0dde6eaffb896832b13f4b351cb35f8ed"
latest-published-id = "0x30ac9d7fcbdac5161871afa6a95c96a0dde6eaffb896832b13f4b351cb35f8ed"
published-version = "1"
